github.com/codemodify/systemkit-helpers-conv v1.7.9 h1:a3MRS88pBnOauCX82xuZEnHeJSfULQm6mVl9mIfC23Q=
github.com/codemodify/systemkit-helpers-conv v1.7.9/go.mod h1:yqHcvZcVmd9RPIIi49biNO9ALSY3CFTQeUnOVc1GjDY=
github.com/codemodify/systemkit-helpers-guid v1.7.9 h1:tbhUeHGDHAGA7nKUkBvOXxNFSGRafI+sFA5WM8YpTsM=
github.com/codemodify/systemkit-helpers-guid v1.7.9/go.mod h1:PBY47zBxTK7To13nvanJ516EUiSrpPxqDRXS0JKyNyc=
github.com/codemodify/systemkit-helpers-reflection v1.7.9 h1:vPsYvbOiEZHT+rpoXlRx14IvzsKEAkYy7Aw2QEjF/G0=
github.com/codemodify/systemkit-helpers-reflection v1.7.9/go.mod h1:HunZSrygIcl5IBmnWAYoDoqvFRVu7GIUvC0/scCfPzY=
github.com/codemodify/systemkit-logging v1.7.6 h1:B43qtBemRL85bwQPsdwtspOENYB1OgHPEnZIfhB/88I=
github.com/codemodify/systemkit-logging v1.7.6/go.mod h1:CgHyiLfps+2ALdwXfTKTShMO2shacV0+jKhjQCtnz1s=
github.com/google/uuid v1.1.1/go.mod h1:TIyPZe4MgqvfeYDBFedMoGGpEw/LqOeaOT+nhxU+yHo=
github.com/mattn/go-colorable v0.1.6 h1:6Su7aK7lXmJ/U79bYtBjLNaha4Fs1Rg9plHpcH+vvnE=
github.com/mattn/go-colorable v0.1.6/go.mod h1:u6P/XSegPjTcexA+o6vUJrdnUu04hMope9wVRipJSqc=
github.com/mattn/go-isatty v0.0.12 h1:wuysRhFDzyxgEmMf5xjvJ2M9dZoWAXNNr5LSBS7uHXY=
github.com/mattn/go-isatty v0.0.12/go.mod h1:cbi8OIDigv2wuxKPP5vlRcQ1OAZbq2CE4Kysco4FUpU=
golang.org/x/sys v0.0.0-20200116001909-b77594299b42/go.mod h1:h1NjWce9XRLGQEsW7wpKNCjG9DtNlClVuFLEZdDNbEs=
golang.org/x/sys v0.0.0-20200223170610-d5e6a3e2c0ae/go.mod h1:h1NjWce9XRLGQEsW7wpKNCjG9DtNlClVuFLEZdDNbEs=
golang.org/x/sys v0.0.0-20200323222414-85ca7c5b95cd h1:xhmwyvizuTgC2qz7ZlMluP20uW+C3Rm0FD/WLDX8884=
golang.org/x/sys v0.0.0-20200323222414-85ca7c5b95cd/go.mod h1:h1NjWce9XRLGQEsW7wpKNCjG9DtNlClVuFLEZdDNbEs=
